<?xml version="1.0" encoding="utf-8"?>
<Project ToolsVersion="4.0" xmlns="http://schemas.microsoft.com/developer/msbuild/2003">
  <ItemGroup>
    <ClCompile Include="main.cpp" />
    <ClCompile Include="Gateware Redistribution R5d\Source\G_Audio\GAudio.cpp">
      <Filter>Gateware Source</Filter>
    </ClCompile>
    <ClCompile Include="Gateware Redistribution R5d\Source\G_Graphics\GDirectX11Surface.cpp">
      <Filter>Gateware Source</Filter>
    </ClCompile>
    <ClCompile Include="Gateware Redistribution R5d\Source\G_Graphics\GOpenGLSurface.cpp">
      <Filter>Gateware Source</Filter>
    </ClCompile>
    <ClCompile Include="Gateware Redistribution R5d\Source\G_Math\GMatrix.cpp">
      <Filter>Gateware Source</Filter>
    </ClCompile>
    <ClCompile Include="Gateware Redistribution R5d\Source\G_Math\GQuaternion.cpp">
      <Filter>Gateware Source</Filter>
    </ClCompile>
    <ClCompile Include="Gateware Redistribution R5d\Source\G_Math\GVector.cpp">
      <Filter>Gateware Source</Filter>
    </ClCompile>
    <ClCompile Include="Gateware Redistribution R5d\Source\G_System\GBI_Callback.cpp">
      <Filter>Gateware Source</Filter>
    </ClCompile>
    <ClCompile Include="Gateware Redistribution R5d\Source\G_System\GBufferedInput.cpp">
      <Filter>Gateware Source</Filter>
    </ClCompile>
    <ClCompile Include="Gateware Redistribution R5d\Source\G_System\GFile.cpp">
      <Filter>Gateware Source</Filter>
    </ClCompile>
    <ClCompile Include="Gateware Redistribution R5d\Source\G_System\GI_Callback.cpp">
      <Filter>Gateware Source</Filter>
    </ClCompile>
    <ClCompile Include="Gateware Redistribution R5d\Source\G_System\GI_Static.cpp">
      <Filter>Gateware Source</Filter>
    </ClCompile>
    <ClCompile Include="Gateware Redistribution R5d\Source\G_System\GInput.cpp">
      <Filter>Gateware Source</Filter>
    </ClCompile>
    <ClCompile Include="Gateware Redistribution R5d\Source\G_System\GLog.cpp">
      <Filter>Gateware Source</Filter>
    </ClCompile>
    <ClCompile Include="Gateware Redistribution R5d\Source\G_System\GWindow.cpp">
      <Filter>Gateware Source</Filter>
    </ClCompile>
    <ClCompile Include="Mesh.cpp" />
    <ClCompile Include="Camera.cpp" />
    <ClCompile Include="XTime.cpp" />
    <ClCompile Include="DDSTextureLoader.cpp" />
  </ItemGroup>
  <ItemGroup>
    <ClInclude Include="LetsDrawSomeStuff.h" />
    <ClInclude Include="Defines.h">
      <Filter>Header Files</Filter>
    </ClInclude>
    <ClInclude Include="Camera.h">
      <Filter>Header Files</Filter>
    </ClInclude>
    <ClInclude Include="Mesh.h">
      <Filter>Header Files</Filter>
    </ClInclude>
    <ClInclude Include="XTime.h">
      <Filter>Header Files</Filter>
    </ClInclude>
    <ClInclude Include="ThorHammer.h">
      <Filter>Shaders\Models</Filter>
    </ClInclude>
    <ClInclude Include="DDSTextureLoader.h">
      <Filter>Header Files</Filter>
    </ClInclude>
    <ClInclude Include="LivingRoom.h">
      <Filter>Shaders\Models</Filter>
    </ClInclude>
    <ClInclude Include="DC-15_Blaster.h">
      <Filter>Shaders\Models</Filter>
    </ClInclude>
    <ClInclude Include="Models\TestCube.h">
      <Filter>Shaders\Models</Filter>
    </ClInclude>
  </ItemGroup>
  <ItemGroup>
    <Filter Include="Gateware Source">
      <UniqueIdentifier>{b6c72e31-647e-44cd-a60d-0b316676c04d}</UniqueIdentifier>
    </Filter>
    <Filter Include="Header Files">
      <UniqueIdentifier>{f654e9b7-5931-41d0-a12f-493c562d511d}</UniqueIdentifier>
    </Filter>
    <Filter Include="Shaders">
      <UniqueIdentifier>{d3efabad-8325-473a-8561-d74a716b4b09}</UniqueIdentifier>
    </Filter>
    <Filter Include="Shaders\Models">
      <UniqueIdentifier>{e33896c7-6693-407e-aa01-4fc82d31fc9d}</UniqueIdentifier>
    </Filter>
  </ItemGroup>
  <ItemGroup>
    <FxCompile Include="BasicPixelShader.hlsl">
      <Filter>Shaders</Filter>
    </FxCompile>
    <FxCompile Include="BasicVertexShader.hlsl">
      <Filter>Shaders</Filter>
    </FxCompile>
    <FxCompile Include="GridVertexShader.hlsl">
      <Filter>Shaders</Filter>
    </FxCompile>
    <FxCompile Include="SkyboxVS.hlsl">
      <Filter>Shaders</Filter>
    </FxCompile>
    <FxCompile Include="SkyboxPS.hlsl">
      <Filter>Shaders</Filter>
    </FxCompile>
  </ItemGroup>
</Project>